
Microsoft Visual Studio Solution File, Format Version 12.00
# Visual Studio Version 16
VisualStudioVersion = 16.0.29926.136
MinimumVisualStudioVersion = 10.0.40219.1
Project("{888888A0-9F3D-457C-B088-3A5042F75D52}") = "PythonAppTest", "PythonAppTest\PythonAppTest.pyproj", "{C22018C7-B415-4167-9FF6-E10454456E9B}"
EndProject
Global
	GlobalSection(SolutionConfigurationPlatforms) = preSolution
		Debug|Any CPU = Debug|Any CPU
		Release|Any CPU = Release|Any CPU
	EndGlobalSection
	GlobalSection(ProjectConfigurationPlatforms) = postSolution
		{C22018C7-B415-4167-9FF6-E10454456E9B}.Debug|Any CPU.ActiveCfg = Debug|Any CPU
		{C22018C7-B415-4167-9FF6-E10454456E9B}.Release|Any CPU.ActiveCfg = Release|Any CPU
	EndGlobalSection
	GlobalSection(SolutionProperties) = preSolution
		HideSolutionNode = FALSE
	EndGlobalSection
	GlobalSection(ExtensibilityGlobals) = postSolution
		SolutionGuid = {BECD4612-3714-4F80-BDB8-6ECDF4AF0648}
	EndGlobalSection
EndGlobal
