
Microsoft Visual Studio Solution File, Format Version 12.00
# Visual Studio Version 16
VisualStudioVersion = 16.0.30413.136
MinimumVisualStudioVersion = 10.0.40219.1
Project("{FAE04EC0-301F-11D3-BF4B-00C04F79EFBC}") = "NDK_UWP", "NDK_UWP\NDK_UWP.csproj", "{31E87112-1084-4596-993D-04BF4A896C29}"
EndProject
Project("{FAE04EC0-301F-11D3-BF4B-00C04F79EFBC}") = "HotkeyWindow", "HotkeyWindow\HotkeyWindow.csproj", "{B672E2B3-C1F9-4601-BCD8-AAC47069AF28}"
EndProject
Project("{C7167F0D-BC9F-4E6E-AFE1-012C56B48DB5}") = "Package", "Package\Package.wapproj", "{6BC562BA-030D-4EE7-87F7-BDC5CC4AABA9}"
EndProject
Global
	GlobalSection(SolutionConfigurationPlatforms) = preSolution
		Debug|Any CPU = Debug|Any CPU
		Debug|ARM = Debug|ARM
		Debug|ARM64 = Debug|ARM64
		Debug|x64 = Debug|x64
		Debug|x86 = Debug|x86
		Release|Any CPU = Release|Any CPU
		Release|ARM = Release|ARM
		Release|ARM64 = Release|ARM64
		Release|x64 = Release|x64
		Release|x86 = Release|x86
	EndGlobalSection
	GlobalSection(ProjectConfigurationPlatforms) = postSolution
		{31E87112-1084-4596-993D-04BF4A896C29}.Debug|Any CPU.ActiveCfg = Debug|x86
		{31E87112-1084-4596-993D-04BF4A896C29}.Debug|ARM.ActiveCfg = Debug|ARM
		{31E87112-1084-4596-993D-04BF4A896C29}.Debug|ARM.Build.0 = Debug|ARM
		{31E87112-1084-4596-993D-04BF4A896C29}.Debug|ARM.Deploy.0 = Debug|ARM
		{31E87112-1084-4596-993D-04BF4A896C29}.Debug|ARM64.ActiveCfg = Debug|ARM64
		{31E87112-1084-4596-993D-04BF4A896C29}.Debug|ARM64.Build.0 = Debug|ARM64
		{31E87112-1084-4596-993D-04BF4A896C29}.Debug|ARM64.Deploy.0 = Debug|ARM64
		{31E87112-1084-4596-993D-04BF4A896C29}.Debug|x64.ActiveCfg = Debug|x64
		{31E87112-1084-4596-993D-04BF4A896C29}.Debug|x64.Build.0 = Debug|x64
		{31E87112-1084-4596-993D-04BF4A896C29}.Debug|x64.Deploy.0 = Debug|x64
		{31E87112-1084-4596-993D-04BF4A896C29}.Debug|x86.ActiveCfg = Debug|x86
		{31E87112-1084-4596-993D-04BF4A896C29}.Debug|x86.Build.0 = Debug|x86
		{31E87112-1084-4596-993D-04BF4A896C29}.Debug|x86.Deploy.0 = Debug|x86
		{31E87112-1084-4596-993D-04BF4A896C29}.Release|Any CPU.ActiveCfg = Release|x86
		{31E87112-1084-4596-993D-04BF4A896C29}.Release|ARM.ActiveCfg = Release|ARM
		{31E87112-1084-4596-993D-04BF4A896C29}.Release|ARM.Build.0 = Release|ARM
		{31E87112-1084-4596-993D-04BF4A896C29}.Release|ARM.Deploy.0 = Release|ARM
		{31E87112-1084-4596-993D-04BF4A896C29}.Release|ARM64.ActiveCfg = Release|ARM64
		{31E87112-1084-4596-993D-04BF4A896C29}.Release|ARM64.Build.0 = Release|ARM64
		{31E87112-1084-4596-993D-04BF4A896C29}.Release|ARM64.Deploy.0 = Release|ARM64
		{31E87112-1084-4596-993D-04BF4A896C29}.Release|x64.ActiveCfg = Release|x64
		{31E87112-1084-4596-993D-04BF4A896C29}.Release|x64.Build.0 = Release|x64
		{31E87112-1084-4596-993D-04BF4A896C29}.Release|x64.Deploy.0 = Release|x64
		{31E87112-1084-4596-993D-04BF4A896C29}.Release|x86.ActiveCfg = Release|x86
		{31E87112-1084-4596-993D-04BF4A896C29}.Release|x86.Build.0 = Release|x86
		{31E87112-1084-4596-993D-04BF4A896C29}.Release|x86.Deploy.0 = Release|x86
		{B672E2B3-C1F9-4601-BCD8-AAC47069AF28}.Debug|Any CPU.ActiveCfg = Debug|Any CPU
		{B672E2B3-C1F9-4601-BCD8-AAC47069AF28}.Debug|Any CPU.Build.0 = Debug|Any CPU
		{B672E2B3-C1F9-4601-BCD8-AAC47069AF28}.Debug|ARM.ActiveCfg = Debug|Any CPU
		{B672E2B3-C1F9-4601-BCD8-AAC47069AF28}.Debug|ARM.Build.0 = Debug|Any CPU
		{B672E2B3-C1F9-4601-BCD8-AAC47069AF28}.Debug|ARM64.ActiveCfg = Debug|Any CPU
		{B672E2B3-C1F9-4601-BCD8-AAC47069AF28}.Debug|ARM64.Build.0 = Debug|Any CPU
		{B672E2B3-C1F9-4601-BCD8-AAC47069AF28}.Debug|x64.ActiveCfg = Debug|Any CPU
		{B672E2B3-C1F9-4601-BCD8-AAC47069AF28}.Debug|x64.Build.0 = Debug|Any CPU
		{B672E2B3-C1F9-4601-BCD8-AAC47069AF28}.Debug|x86.ActiveCfg = Debug|Any CPU
		{B672E2B3-C1F9-4601-BCD8-AAC47069AF28}.Debug|x86.Build.0 = Debug|Any CPU
		{B672E2B3-C1F9-4601-BCD8-AAC47069AF28}.Release|Any CPU.ActiveCfg = Release|Any CPU
		{B672E2B3-C1F9-4601-BCD8-AAC47069AF28}.Release|Any CPU.Build.0 = Release|Any CPU
		{B672E2B3-C1F9-4601-BCD8-AAC47069AF28}.Release|ARM.ActiveCfg = Release|Any CPU
		{B672E2B3-C1F9-4601-BCD8-AAC47069AF28}.Release|ARM.Build.0 = Release|Any CPU
		{B672E2B3-C1F9-4601-BCD8-AAC47069AF28}.Release|ARM64.ActiveCfg = Release|Any CPU
		{B672E2B3-C1F9-4601-BCD8-AAC47069AF28}.Release|ARM64.Build.0 = Release|Any CPU
		{B672E2B3-C1F9-4601-BCD8-AAC47069AF28}.Release|x64.ActiveCfg = Release|Any CPU
		{B672E2B3-C1F9-4601-BCD8-AAC47069AF28}.Release|x64.Build.0 = Release|Any CPU
		{B672E2B3-C1F9-4601-BCD8-AAC47069AF28}.Release|x86.ActiveCfg = Release|Any CPU
		{B672E2B3-C1F9-4601-BCD8-AAC47069AF28}.Release|x86.Build.0 = Release|Any CPU
		{6BC562BA-030D-4EE7-87F7-BDC5CC4AABA9}.Debug|Any CPU.ActiveCfg = Debug|Any CPU
		{6BC562BA-030D-4EE7-87F7-BDC5CC4AABA9}.Debug|Any CPU.Build.0 = Debug|Any CPU
		{6BC562BA-030D-4EE7-87F7-BDC5CC4AABA9}.Debug|Any CPU.Deploy.0 = Debug|Any CPU
		{6BC562BA-030D-4EE7-87F7-BDC5CC4AABA9}.Debug|ARM.ActiveCfg = Debug|ARM
		{6BC562BA-030D-4EE7-87F7-BDC5CC4AABA9}.Debug|ARM.Build.0 = Debug|ARM
		{6BC562BA-030D-4EE7-87F7-BDC5CC4AABA9}.Debug|ARM.Deploy.0 = Debug|ARM
		{6BC562BA-030D-4EE7-87F7-BDC5CC4AABA9}.Debug|ARM64.ActiveCfg = Debug|ARM64
		{6BC562BA-030D-4EE7-87F7-BDC5CC4AABA9}.Debug|ARM64.Build.0 = Debug|ARM64
		{6BC562BA-030D-4EE7-87F7-BDC5CC4AABA9}.Debug|ARM64.Deploy.0 = Debug|ARM64
		{6BC562BA-030D-4EE7-87F7-BDC5CC4AABA9}.Debug|x64.ActiveCfg = Debug|x64
		{6BC562BA-030D-4EE7-87F7-BDC5CC4AABA9}.Debug|x64.Build.0 = Debug|x64
		{6BC562BA-030D-4EE7-87F7-BDC5CC4AABA9}.Debug|x64.Deploy.0 = Debug|x64
		{6BC562BA-030D-4EE7-87F7-BDC5CC4AABA9}.Debug|x86.ActiveCfg = Debug|x86
		{6BC562BA-030D-4EE7-87F7-BDC5CC4AABA9}.Debug|x86.Build.0 = Debug|x86
		{6BC562BA-030D-4EE7-87F7-BDC5CC4AABA9}.Debug|x86.Deploy.0 = Debug|x86
		{6BC562BA-030D-4EE7-87F7-BDC5CC4AABA9}.Release|Any CPU.ActiveCfg = Release|Any CPU
		{6BC562BA-030D-4EE7-87F7-BDC5CC4AABA9}.Release|Any CPU.Build.0 = Release|Any CPU
		{6BC562BA-030D-4EE7-87F7-BDC5CC4AABA9}.Release|Any CPU.Deploy.0 = Release|Any CPU
		{6BC562BA-030D-4EE7-87F7-BDC5CC4AABA9}.Release|ARM.ActiveCfg = Release|ARM
		{6BC562BA-030D-4EE7-87F7-BDC5CC4AABA9}.Release|ARM.Build.0 = Release|ARM
		{6BC562BA-030D-4EE7-87F7-BDC5CC4AABA9}.Release|ARM.Deploy.0 = Release|ARM
		{6BC562BA-030D-4EE7-87F7-BDC5CC4AABA9}.Release|ARM64.ActiveCfg = Release|ARM64
		{6BC562BA-030D-4EE7-87F7-BDC5CC4AABA9}.Release|ARM64.Build.0 = Release|ARM64
		{6BC562BA-030D-4EE7-87F7-BDC5CC4AABA9}.Release|ARM64.Deploy.0 = Release|ARM64
		{6BC562BA-030D-4EE7-87F7-BDC5CC4AABA9}.Release|x64.ActiveCfg = Release|x64
		{6BC562BA-030D-4EE7-87F7-BDC5CC4AABA9}.Release|x64.Build.0 = Release|x64
		{6BC562BA-030D-4EE7-87F7-BDC5CC4AABA9}.Release|x64.Deploy.0 = Release|x64
		{6BC562BA-030D-4EE7-87F7-BDC5CC4AABA9}.Release|x86.ActiveCfg = Release|x86
		{6BC562BA-030D-4EE7-87F7-BDC5CC4AABA9}.Release|x86.Build.0 = Release|x86
		{6BC562BA-030D-4EE7-87F7-BDC5CC4AABA9}.Release|x86.Deploy.0 = Release|x86
	EndGlobalSection
	GlobalSection(SolutionProperties) = preSolution
		HideSolutionNode = FALSE
	EndGlobalSection
	GlobalSection(ExtensibilityGlobals) = postSolution
		SolutionGuid = {7F18C16C-BF98-4CD2-A24C-900B2F0818BB}
	EndGlobalSection
EndGlobal
